
Microsoft Visual Studio Solution File, Format Version 12.00
# Visual Studio Version 16
VisualStudioVersion = 16.0.810.17
MinimumVisualStudioVersion = 10.0.40219.1
Project("{FAE04EC0-301F-11D3-BF4B-00C04F79EFBC}") = "ConsoleAppProject", "ConsoleAppProject.csproj", "{71189AC1-B383-459C-8758-031016EACDB0}"
EndProject
Project("{FAE04EC0-301F-11D3-BF4B-00C04F79EFBC}") = "UnitTests", "UnitTests\UnitTests.csproj", "{ECF016F9-2AAE-45C6-B4EA-0770455D325F}"
EndProject
Global
	GlobalSection(SolutionConfigurationPlatforms) = preSolution
		Debug|Any CPU = Debug|Any CPU
		Release|Any CPU = Release|Any CPU
	EndGlobalSection
	GlobalSection(ProjectConfigurationPlatforms) = postSolution
		{71189AC1-B383-459C-8758-031016EACDB0}.Debug|Any CPU.ActiveCfg = Debug|Any CPU
		{71189AC1-B383-459C-8758-031016EACDB0}.Debug|Any CPU.Build.0 = Debug|Any CPU
		{71189AC1-B383-459C-8758-031016EACDB0}.Release|Any CPU.ActiveCfg = Release|Any CPU
		{71189AC1-B383-459C-8758-031016EACDB0}.Release|Any CPU.Build.0 = Release|Any CPU
		{ECF016F9-2AAE-45C6-B4EA-0770455D325F}.Debug|Any CPU.ActiveCfg = Debug|Any CPU
		{ECF016F9-2AAE-45C6-B4EA-0770455D325F}.Debug|Any CPU.Build.0 = Debug|Any CPU
		{ECF016F9-2AAE-45C6-B4EA-0770455D325F}.Release|Any CPU.ActiveCfg = Release|Any CPU
		{ECF016F9-2AAE-45C6-B4EA-0770455D325F}.Release|Any CPU.Build.0 = Release|Any CPU
	EndGlobalSection
	GlobalSection(SolutionProperties) = preSolution
		HideSolutionNode = FALSE
	EndGlobalSection
	GlobalSection(ExtensibilityGlobals) = postSolution
		SolutionGuid = {A9BE9792-EE93-4C25-96E4-76070F532C4B}
	EndGlobalSection
EndGlobal
